
Microsoft Visual Studio Solution File, Format Version 12.00
# Visual Studio Version 17
VisualStudioVersion = 17.5.2.0
MinimumVisualStudioVersion = 10.0.40219.1
Project("{2150E333-8FDC-42A3-9474-1A3956D46DE8}") = "tests", "tests", "{313F8151-4915-C42A-1EB1-D9B832018ED3}"
EndProject
Project("{FAE04EC0-301F-11D3-BF4B-00C04F79EFBC}") = "BjjEire.Infrastructure.UnitTests", "tests\BjjEire.Infrastructure.UnitTests\BjjEire.Infrastructure.UnitTests.csproj", "{7725793B-239C-5879-963E-0758E8997B53}"
EndProject
Project("{FAE04EC0-301F-11D3-BF4B-00C04F79EFBC}") = "BjjEire.Application.UnitTests", "tests\BjjEire.Application.UnitTests\BjjEire.Application.UnitTests.csproj", "{7E16E5A8-68B4-7694-49AA-FFD3B6257213}"
EndProject
Project("{FAE04EC0-301F-11D3-BF4B-00C04F79EFBC}") = "BjjEire.Web.AcceptanceTests", "tests\BjjEire.Web.AcceptanceTests\BjjEire.Web.AcceptanceTests.csproj", "{30502E32-E65C-19F2-0492-FE7D116FADFF}"
EndProject
Project("{FAE04EC0-301F-11D3-BF4B-00C04F79EFBC}") = "BjjEire.Domain.UnitTests", "tests\BjjEire.Domain.UnitTests\BjjEire.Domain.UnitTests.csproj", "{666E1784-6A01-5269-9F6C-498C1292C0FF}"
EndProject
Project("{FAE04EC0-301F-11D3-BF4B-00C04F79EFBC}") = "BjjEire.Api.IntegrationTests", "tests\BjjEire.Api.IntegrationTests\BjjEire.Api.IntegrationTests.csproj", "{05904AFC-1CA0-4BD9-A442-EA264D98032A}"
EndProject
Project("{2150E333-8FDC-42A3-9474-1A3956D46DE8}") = "src", "src", "{5296412D-B177-22F6-371A-F059D3B79B99}"
EndProject
Project("{FAE04EC0-301F-11D3-BF4B-00C04F79EFBC}") = "BjjEire.Domain", "src\BjjEire.Domain\BjjEire.Domain.csproj", "{910C3DC9-A862-6447-F4D1-2444D487A19F}"
EndProject
Project("{FAE04EC0-301F-11D3-BF4B-00C04F79EFBC}") = "BjjEire.Aspire.AppHost", "src\BjjEire.Aspire.AppHost\BjjEire.Aspire.AppHost.csproj", "{CD0A3C41-5A29-BB0D-8735-09C33AA97177}"
EndProject
Project("{FAE04EC0-301F-11D3-BF4B-00C04F79EFBC}") = "BjjEire.ServiceDefaults", "src\BjjEire.ServiceDefaults\BjjEire.ServiceDefaults.csproj", "{AC250CE5-A4B1-5985-45F9-04FF430E5140}"
EndProject
Project("{FAE04EC0-301F-11D3-BF4B-00C04F79EFBC}") = "BjjEire.Api", "src\BjjEire.Api\BjjEire.Api.csproj", "{EC7FC168-FFAC-4B5D-F900-BE5F63A7208B}"
EndProject
Project("{FAE04EC0-301F-11D3-BF4B-00C04F79EFBC}") = "BjjEire.Application", "src\BjjEire.Application\BjjEire.Application.csproj", "{62D311C2-F3AC-3D2A-843F-4BDEDE7DBE65}"
EndProject
Project("{FAE04EC0-301F-11D3-BF4B-00C04F79EFBC}") = "BjjEire.Infrastructure", "src\BjjEire.Infrastructure\BjjEire.Infrastructure.csproj", "{E8D0B77D-FB39-AE52-1530-A5651B5EBB75}"
EndProject
Project("{FAE04EC0-301F-11D3-BF4B-00C04F79EFBC}") = "BjjEire.SharedKernel", "src\BjjEire.SharedKernel\BjjEire.SharedKernel.csproj", "{2D7982E7-DC82-7650-8B68-185F3EFFEC19}"
EndProject
Project("{FAE04EC0-301F-11D3-BF4B-00C04F79EFBC}") = "BjjEire.Web.Playwright.Core", "tests\BjjEire.Web.Playwright.Core\BjjEire.Web.Playwright.Core.csproj", "{FF774335-18A0-444C-A1B8-EAA811244E88}"
EndProject
Project("{FAE04EC0-301F-11D3-BF4B-00C04F79EFBC}") = "BjjEire.Application.FunctionalTests", "tests\BjjEire.Application.FunctionalTests\BjjEire.Application.FunctionalTests.csproj", "{CF5E64BF-D07E-4B1C-A778-7163A235C9B5}"
EndProject
Project("{FAE04EC0-301F-11D3-BF4B-00C04F79EFBC}") = "BjjEire.Api.UnitTests", "tests\BjjEire.Api.UnitTests\BjjEire.Api.UnitTests.csproj", "{4FB7A835-5BE7-4467-90C2-1E09631B6D4B}"
EndProject
Global
	GlobalSection(SolutionConfigurationPlatforms) = preSolution
		Debug|Any CPU = Debug|Any CPU
		Debug|x64 = Debug|x64
		Debug|x86 = Debug|x86
		Release|Any CPU = Release|Any CPU
		Release|x64 = Release|x64
		Release|x86 = Release|x86
	EndGlobalSection
	GlobalSection(ProjectConfigurationPlatforms) = postSolution
		{7725793B-239C-5879-963E-0758E8997B53}.Debug|Any CPU.ActiveCfg = Debug|Any CPU
		{7725793B-239C-5879-963E-0758E8997B53}.Debug|Any CPU.Build.0 = Debug|Any CPU
		{7725793B-239C-5879-963E-0758E8997B53}.Debug|x64.ActiveCfg = Debug|Any CPU
		{7725793B-239C-5879-963E-0758E8997B53}.Debug|x64.Build.0 = Debug|Any CPU
		{7725793B-239C-5879-963E-0758E8997B53}.Debug|x86.ActiveCfg = Debug|Any CPU
		{7725793B-239C-5879-963E-0758E8997B53}.Debug|x86.Build.0 = Debug|Any CPU
		{7725793B-239C-5879-963E-0758E8997B53}.Release|Any CPU.ActiveCfg = Release|Any CPU
		{7725793B-239C-5879-963E-0758E8997B53}.Release|Any CPU.Build.0 = Release|Any CPU
		{7725793B-239C-5879-963E-0758E8997B53}.Release|x64.ActiveCfg = Release|Any CPU
		{7725793B-239C-5879-963E-0758E8997B53}.Release|x64.Build.0 = Release|Any CPU
		{7725793B-239C-5879-963E-0758E8997B53}.Release|x86.ActiveCfg = Release|Any CPU
		{7725793B-239C-5879-963E-0758E8997B53}.Release|x86.Build.0 = Release|Any CPU
		{7E16E5A8-68B4-7694-49AA-FFD3B6257213}.Debug|Any CPU.ActiveCfg = Debug|Any CPU
		{7E16E5A8-68B4-7694-49AA-FFD3B6257213}.Debug|Any CPU.Build.0 = Debug|Any CPU
		{7E16E5A8-68B4-7694-49AA-FFD3B6257213}.Debug|x64.ActiveCfg = Debug|Any CPU
		{7E16E5A8-68B4-7694-49AA-FFD3B6257213}.Debug|x64.Build.0 = Debug|Any CPU
		{7E16E5A8-68B4-7694-49AA-FFD3B6257213}.Debug|x86.ActiveCfg = Debug|Any CPU
		{7E16E5A8-68B4-7694-49AA-FFD3B6257213}.Debug|x86.Build.0 = Debug|Any CPU
		{7E16E5A8-68B4-7694-49AA-FFD3B6257213}.Release|Any CPU.ActiveCfg = Release|Any CPU
		{7E16E5A8-68B4-7694-49AA-FFD3B6257213}.Release|Any CPU.Build.0 = Release|Any CPU
		{7E16E5A8-68B4-7694-49AA-FFD3B6257213}.Release|x64.ActiveCfg = Release|Any CPU
		{7E16E5A8-68B4-7694-49AA-FFD3B6257213}.Release|x64.Build.0 = Release|Any CPU
		{7E16E5A8-68B4-7694-49AA-FFD3B6257213}.Release|x86.ActiveCfg = Release|Any CPU
		{7E16E5A8-68B4-7694-49AA-FFD3B6257213}.Release|x86.Build.0 = Release|Any CPU
		{30502E32-E65C-19F2-0492-FE7D116FADFF}.Debug|Any CPU.ActiveCfg = Debug|Any CPU
		{30502E32-E65C-19F2-0492-FE7D116FADFF}.Debug|Any CPU.Build.0 = Debug|Any CPU
		{30502E32-E65C-19F2-0492-FE7D116FADFF}.Debug|x64.ActiveCfg = Debug|Any CPU
		{30502E32-E65C-19F2-0492-FE7D116FADFF}.Debug|x64.Build.0 = Debug|Any CPU
		{30502E32-E65C-19F2-0492-FE7D116FADFF}.Debug|x86.ActiveCfg = Debug|Any CPU
		{30502E32-E65C-19F2-0492-FE7D116FADFF}.Debug|x86.Build.0 = Debug|Any CPU
		{30502E32-E65C-19F2-0492-FE7D116FADFF}.Release|Any CPU.ActiveCfg = Release|Any CPU
		{30502E32-E65C-19F2-0492-FE7D116FADFF}.Release|Any CPU.Build.0 = Release|Any CPU
		{30502E32-E65C-19F2-0492-FE7D116FADFF}.Release|x64.ActiveCfg = Release|Any CPU
		{30502E32-E65C-19F2-0492-FE7D116FADFF}.Release|x64.Build.0 = Release|Any CPU
		{30502E32-E65C-19F2-0492-FE7D116FADFF}.Release|x86.ActiveCfg = Release|Any CPU
		{30502E32-E65C-19F2-0492-FE7D116FADFF}.Release|x86.Build.0 = Release|Any CPU
		{666E1784-6A01-5269-9F6C-498C1292C0FF}.Debug|Any CPU.ActiveCfg = Debug|Any CPU
		{666E1784-6A01-5269-9F6C-498C1292C0FF}.Debug|Any CPU.Build.0 = Debug|Any CPU
		{666E1784-6A01-5269-9F6C-498C1292C0FF}.Debug|x64.ActiveCfg = Debug|Any CPU
		{666E1784-6A01-5269-9F6C-498C1292C0FF}.Debug|x64.Build.0 = Debug|Any CPU
		{666E1784-6A01-5269-9F6C-498C1292C0FF}.Debug|x86.ActiveCfg = Debug|Any CPU
		{666E1784-6A01-5269-9F6C-498C1292C0FF}.Debug|x86.Build.0 = Debug|Any CPU
		{666E1784-6A01-5269-9F6C-498C1292C0FF}.Release|Any CPU.ActiveCfg = Release|Any CPU
		{666E1784-6A01-5269-9F6C-498C1292C0FF}.Release|Any CPU.Build.0 = Release|Any CPU
		{666E1784-6A01-5269-9F6C-498C1292C0FF}.Release|x64.ActiveCfg = Release|Any CPU
		{666E1784-6A01-5269-9F6C-498C1292C0FF}.Release|x64.Build.0 = Release|Any CPU
		{666E1784-6A01-5269-9F6C-498C1292C0FF}.Release|x86.ActiveCfg = Release|Any CPU
		{666E1784-6A01-5269-9F6C-498C1292C0FF}.Release|x86.Build.0 = Release|Any CPU
		{05904AFC-1CA0-4BD9-A442-EA264D98032A}.Debug|Any CPU.ActiveCfg = Debug|Any CPU
		{05904AFC-1CA0-4BD9-A442-EA264D98032A}.Debug|Any CPU.Build.0 = Debug|Any CPU
		{05904AFC-1CA0-4BD9-A442-EA264D98032A}.Debug|x64.ActiveCfg = Debug|Any CPU
		{05904AFC-1CA0-4BD9-A442-EA264D98032A}.Debug|x64.Build.0 = Debug|Any CPU
		{05904AFC-1CA0-4BD9-A442-EA264D98032A}.Debug|x86.ActiveCfg = Debug|Any CPU
		{05904AFC-1CA0-4BD9-A442-EA264D98032A}.Debug|x86.Build.0 = Debug|Any CPU
		{05904AFC-1CA0-4BD9-A442-EA264D98032A}.Release|Any CPU.ActiveCfg = Release|Any CPU
		{05904AFC-1CA0-4BD9-A442-EA264D98032A}.Release|Any CPU.Build.0 = Release|Any CPU
		{05904AFC-1CA0-4BD9-A442-EA264D98032A}.Release|x64.ActiveCfg = Release|Any CPU
		{05904AFC-1CA0-4BD9-A442-EA264D98032A}.Release|x64.Build.0 = Release|Any CPU
		{05904AFC-1CA0-4BD9-A442-EA264D98032A}.Release|x86.ActiveCfg = Release|Any CPU
		{05904AFC-1CA0-4BD9-A442-EA264D98032A}.Release|x86.Build.0 = Release|Any CPU
		{910C3DC9-A862-6447-F4D1-2444D487A19F}.Debug|Any CPU.ActiveCfg = Debug|Any CPU
		{910C3DC9-A862-6447-F4D1-2444D487A19F}.Debug|Any CPU.Build.0 = Debug|Any CPU
		{910C3DC9-A862-6447-F4D1-2444D487A19F}.Debug|x64.ActiveCfg = Debug|Any CPU
		{910C3DC9-A862-6447-F4D1-2444D487A19F}.Debug|x64.Build.0 = Debug|Any CPU
		{910C3DC9-A862-6447-F4D1-2444D487A19F}.Debug|x86.ActiveCfg = Debug|Any CPU
		{910C3DC9-A862-6447-F4D1-2444D487A19F}.Debug|x86.Build.0 = Debug|Any CPU
		{910C3DC9-A862-6447-F4D1-2444D487A19F}.Release|Any CPU.ActiveCfg = Release|Any CPU
		{910C3DC9-A862-6447-F4D1-2444D487A19F}.Release|Any CPU.Build.0 = Release|Any CPU
		{910C3DC9-A862-6447-F4D1-2444D487A19F}.Release|x64.ActiveCfg = Release|Any CPU
		{910C3DC9-A862-6447-F4D1-2444D487A19F}.Release|x64.Build.0 = Release|Any CPU
		{910C3DC9-A862-6447-F4D1-2444D487A19F}.Release|x86.ActiveCfg = Release|Any CPU
		{910C3DC9-A862-6447-F4D1-2444D487A19F}.Release|x86.Build.0 = Release|Any CPU
		{CD0A3C41-5A29-BB0D-8735-09C33AA97177}.Debug|Any CPU.ActiveCfg = Debug|Any CPU
		{CD0A3C41-5A29-BB0D-8735-09C33AA97177}.Debug|Any CPU.Build.0 = Debug|Any CPU
		{CD0A3C41-5A29-BB0D-8735-09C33AA97177}.Debug|x64.ActiveCfg = Debug|Any CPU
		{CD0A3C41-5A29-BB0D-8735-09C33AA97177}.Debug|x64.Build.0 = Debug|Any CPU
		{CD0A3C41-5A29-BB0D-8735-09C33AA97177}.Debug|x86.ActiveCfg = Debug|Any CPU
		{CD0A3C41-5A29-BB0D-8735-09C33AA97177}.Debug|x86.Build.0 = Debug|Any CPU
		{CD0A3C41-5A29-BB0D-8735-09C33AA97177}.Release|Any CPU.ActiveCfg = Release|Any CPU
		{CD0A3C41-5A29-BB0D-8735-09C33AA97177}.Release|Any CPU.Build.0 = Release|Any CPU
		{CD0A3C41-5A29-BB0D-8735-09C33AA97177}.Release|x64.ActiveCfg = Release|Any CPU
		{CD0A3C41-5A29-BB0D-8735-09C33AA97177}.Release|x64.Build.0 = Release|Any CPU
		{CD0A3C41-5A29-BB0D-8735-09C33AA97177}.Release|x86.ActiveCfg = Release|Any CPU
		{CD0A3C41-5A29-BB0D-8735-09C33AA97177}.Release|x86.Build.0 = Release|Any CPU
		{AC250CE5-A4B1-5985-45F9-04FF430E5140}.Debug|Any CPU.ActiveCfg = Debug|Any CPU
		{AC250CE5-A4B1-5985-45F9-04FF430E5140}.Debug|Any CPU.Build.0 = Debug|Any CPU
		{AC250CE5-A4B1-5985-45F9-04FF430E5140}.Debug|x64.ActiveCfg = Debug|Any CPU
		{AC250CE5-A4B1-5985-45F9-04FF430E5140}.Debug|x64.Build.0 = Debug|Any CPU
		{AC250CE5-A4B1-5985-45F9-04FF430E5140}.Debug|x86.ActiveCfg = Debug|Any CPU
		{AC250CE5-A4B1-5985-45F9-04FF430E5140}.Debug|x86.Build.0 = Debug|Any CPU
		{AC250CE5-A4B1-5985-45F9-04FF430E5140}.Release|Any CPU.ActiveCfg = Release|Any CPU
		{AC250CE5-A4B1-5985-45F9-04FF430E5140}.Release|Any CPU.Build.0 = Release|Any CPU
		{AC250CE5-A4B1-5985-45F9-04FF430E5140}.Release|x64.ActiveCfg = Release|Any CPU
		{AC250CE5-A4B1-5985-45F9-04FF430E5140}.Release|x64.Build.0 = Release|Any CPU
		{AC250CE5-A4B1-5985-45F9-04FF430E5140}.Release|x86.ActiveCfg = Release|Any CPU
		{AC250CE5-A4B1-5985-45F9-04FF430E5140}.Release|x86.Build.0 = Release|Any CPU
		{EC7FC168-FFAC-4B5D-F900-BE5F63A7208B}.Debug|Any CPU.ActiveCfg = Debug|Any CPU
		{EC7FC168-FFAC-4B5D-F900-BE5F63A7208B}.Debug|Any CPU.Build.0 = Debug|Any CPU
		{EC7FC168-FFAC-4B5D-F900-BE5F63A7208B}.Debug|x64.ActiveCfg = Debug|Any CPU
		{EC7FC168-FFAC-4B5D-F900-BE5F63A7208B}.Debug|x64.Build.0 = Debug|Any CPU
		{EC7FC168-FFAC-4B5D-F900-BE5F63A7208B}.Debug|x86.ActiveCfg = Debug|Any CPU
		{EC7FC168-FFAC-4B5D-F900-BE5F63A7208B}.Debug|x86.Build.0 = Debug|Any CPU
		{EC7FC168-FFAC-4B5D-F900-BE5F63A7208B}.Release|Any CPU.ActiveCfg = Release|Any CPU
		{EC7FC168-FFAC-4B5D-F900-BE5F63A7208B}.Release|Any CPU.Build.0 = Release|Any CPU
		{EC7FC168-FFAC-4B5D-F900-BE5F63A7208B}.Release|x64.ActiveCfg = Release|Any CPU
		{EC7FC168-FFAC-4B5D-F900-BE5F63A7208B}.Release|x64.Build.0 = Release|Any CPU
		{EC7FC168-FFAC-4B5D-F900-BE5F63A7208B}.Release|x86.ActiveCfg = Release|Any CPU
		{EC7FC168-FFAC-4B5D-F900-BE5F63A7208B}.Release|x86.Build.0 = Release|Any CPU
		{62D311C2-F3AC-3D2A-843F-4BDEDE7DBE65}.Debug|Any CPU.ActiveCfg = Debug|Any CPU
		{62D311C2-F3AC-3D2A-843F-4BDEDE7DBE65}.Debug|Any CPU.Build.0 = Debug|Any CPU
		{62D311C2-F3AC-3D2A-843F-4BDEDE7DBE65}.Debug|x64.ActiveCfg = Debug|Any CPU
		{62D311C2-F3AC-3D2A-843F-4BDEDE7DBE65}.Debug|x64.Build.0 = Debug|Any CPU
		{62D311C2-F3AC-3D2A-843F-4BDEDE7DBE65}.Debug|x86.ActiveCfg = Debug|Any CPU
		{62D311C2-F3AC-3D2A-843F-4BDEDE7DBE65}.Debug|x86.Build.0 = Debug|Any CPU
		{62D311C2-F3AC-3D2A-843F-4BDEDE7DBE65}.Release|Any CPU.ActiveCfg = Release|Any CPU
		{62D311C2-F3AC-3D2A-843F-4BDEDE7DBE65}.Release|Any CPU.Build.0 = Release|Any CPU
		{62D311C2-F3AC-3D2A-843F-4BDEDE7DBE65}.Release|x64.ActiveCfg = Release|Any CPU
		{62D311C2-F3AC-3D2A-843F-4BDEDE7DBE65}.Release|x64.Build.0 = Release|Any CPU
		{62D311C2-F3AC-3D2A-843F-4BDEDE7DBE65}.Release|x86.ActiveCfg = Release|Any CPU
		{62D311C2-F3AC-3D2A-843F-4BDEDE7DBE65}.Release|x86.Build.0 = Release|Any CPU
		{E8D0B77D-FB39-AE52-1530-A5651B5EBB75}.Debug|Any CPU.ActiveCfg = Debug|Any CPU
		{E8D0B77D-FB39-AE52-1530-A5651B5EBB75}.Debug|Any CPU.Build.0 = Debug|Any CPU
		{E8D0B77D-FB39-AE52-1530-A5651B5EBB75}.Debug|x64.ActiveCfg = Debug|Any CPU
		{E8D0B77D-FB39-AE52-1530-A5651B5EBB75}.Debug|x64.Build.0 = Debug|Any CPU
		{E8D0B77D-FB39-AE52-1530-A5651B5EBB75}.Debug|x86.ActiveCfg = Debug|Any CPU
		{E8D0B77D-FB39-AE52-1530-A5651B5EBB75}.Debug|x86.Build.0 = Debug|Any CPU
		{E8D0B77D-FB39-AE52-1530-A5651B5EBB75}.Release|Any CPU.ActiveCfg = Release|Any CPU
		{E8D0B77D-FB39-AE52-1530-A5651B5EBB75}.Release|Any CPU.Build.0 = Release|Any CPU
		{E8D0B77D-FB39-AE52-1530-A5651B5EBB75}.Release|x64.ActiveCfg = Release|Any CPU
		{E8D0B77D-FB39-AE52-1530-A5651B5EBB75}.Release|x64.Build.0 = Release|Any CPU
		{E8D0B77D-FB39-AE52-1530-A5651B5EBB75}.Release|x86.ActiveCfg = Release|Any CPU
		{E8D0B77D-FB39-AE52-1530-A5651B5EBB75}.Release|x86.Build.0 = Release|Any CPU
		{2D7982E7-DC82-7650-8B68-185F3EFFEC19}.Debug|Any CPU.ActiveCfg = Debug|Any CPU
		{2D7982E7-DC82-7650-8B68-185F3EFFEC19}.Debug|Any CPU.Build.0 = Debug|Any CPU
		{2D7982E7-DC82-7650-8B68-185F3EFFEC19}.Debug|x64.ActiveCfg = Debug|Any CPU
		{2D7982E7-DC82-7650-8B68-185F3EFFEC19}.Debug|x64.Build.0 = Debug|Any CPU
		{2D7982E7-DC82-7650-8B68-185F3EFFEC19}.Debug|x86.ActiveCfg = Debug|Any CPU
		{2D7982E7-DC82-7650-8B68-185F3EFFEC19}.Debug|x86.Build.0 = Debug|Any CPU
		{2D7982E7-DC82-7650-8B68-185F3EFFEC19}.Release|Any CPU.ActiveCfg = Release|Any CPU
		{2D7982E7-DC82-7650-8B68-185F3EFFEC19}.Release|Any CPU.Build.0 = Release|Any CPU
		{2D7982E7-DC82-7650-8B68-185F3EFFEC19}.Release|x64.ActiveCfg = Release|Any CPU
		{2D7982E7-DC82-7650-8B68-185F3EFFEC19}.Release|x64.Build.0 = Release|Any CPU
		{2D7982E7-DC82-7650-8B68-185F3EFFEC19}.Release|x86.ActiveCfg = Release|Any CPU
		{2D7982E7-DC82-7650-8B68-185F3EFFEC19}.Release|x86.Build.0 = Release|Any CPU
		{FF774335-18A0-444C-A1B8-EAA811244E88}.Debug|Any CPU.ActiveCfg = Debug|Any CPU
		{FF774335-18A0-444C-A1B8-EAA811244E88}.Debug|Any CPU.Build.0 = Debug|Any CPU
		{FF774335-18A0-444C-A1B8-EAA811244E88}.Debug|x64.ActiveCfg = Debug|Any CPU
		{FF774335-18A0-444C-A1B8-EAA811244E88}.Debug|x64.Build.0 = Debug|Any CPU
		{FF774335-18A0-444C-A1B8-EAA811244E88}.Debug|x86.ActiveCfg = Debug|Any CPU
		{FF774335-18A0-444C-A1B8-EAA811244E88}.Debug|x86.Build.0 = Debug|Any CPU
		{FF774335-18A0-444C-A1B8-EAA811244E88}.Release|Any CPU.ActiveCfg = Release|Any CPU
		{FF774335-18A0-444C-A1B8-EAA811244E88}.Release|Any CPU.Build.0 = Release|Any CPU
		{FF774335-18A0-444C-A1B8-EAA811244E88}.Release|x64.ActiveCfg = Release|Any CPU
		{FF774335-18A0-444C-A1B8-EAA811244E88}.Release|x64.Build.0 = Release|Any CPU
		{FF774335-18A0-444C-A1B8-EAA811244E88}.Release|x86.ActiveCfg = Release|Any CPU
		{FF774335-18A0-444C-A1B8-EAA811244E88}.Release|x86.Build.0 = Release|Any CPU
		{CF5E64BF-D07E-4B1C-A778-7163A235C9B5}.Debug|Any CPU.ActiveCfg = Debug|Any CPU
		{CF5E64BF-D07E-4B1C-A778-7163A235C9B5}.Debug|Any CPU.Build.0 = Debug|Any CPU
		{CF5E64BF-D07E-4B1C-A778-7163A235C9B5}.Debug|x64.ActiveCfg = Debug|Any CPU
		{CF5E64BF-D07E-4B1C-A778-7163A235C9B5}.Debug|x64.Build.0 = Debug|Any CPU
		{CF5E64BF-D07E-4B1C-A778-7163A235C9B5}.Debug|x86.ActiveCfg = Debug|Any CPU
		{CF5E64BF-D07E-4B1C-A778-7163A235C9B5}.Debug|x86.Build.0 = Debug|Any CPU
		{CF5E64BF-D07E-4B1C-A778-7163A235C9B5}.Release|Any CPU.ActiveCfg = Release|Any CPU
		{CF5E64BF-D07E-4B1C-A778-7163A235C9B5}.Release|Any CPU.Build.0 = Release|Any CPU
		{CF5E64BF-D07E-4B1C-A778-7163A235C9B5}.Release|x64.ActiveCfg = Release|Any CPU
		{CF5E64BF-D07E-4B1C-A778-7163A235C9B5}.Release|x64.Build.0 = Release|Any CPU
		{CF5E64BF-D07E-4B1C-A778-7163A235C9B5}.Release|x86.ActiveCfg = Release|Any CPU
		{CF5E64BF-D07E-4B1C-A778-7163A235C9B5}.Release|x86.Build.0 = Release|Any CPU
		{4FB7A835-5BE7-4467-90C2-1E09631B6D4B}.Debug|Any CPU.ActiveCfg = Debug|Any CPU
		{4FB7A835-5BE7-4467-90C2-1E09631B6D4B}.Debug|Any CPU.Build.0 = Debug|Any CPU
		{4FB7A835-5BE7-4467-90C2-1E09631B6D4B}.Debug|x64.ActiveCfg = Debug|Any CPU
		{4FB7A835-5BE7-4467-90C2-1E09631B6D4B}.Debug|x64.Build.0 = Debug|Any CPU
		{4FB7A835-5BE7-4467-90C2-1E09631B6D4B}.Debug|x86.ActiveCfg = Debug|Any CPU
		{4FB7A835-5BE7-4467-90C2-1E09631B6D4B}.Debug|x86.Build.0 = Debug|Any CPU
		{4FB7A835-5BE7-4467-90C2-1E09631B6D4B}.Release|Any CPU.ActiveCfg = Release|Any CPU
		{4FB7A835-5BE7-4467-90C2-1E09631B6D4B}.Release|Any CPU.Build.0 = Release|Any CPU
		{4FB7A835-5BE7-4467-90C2-1E09631B6D4B}.Release|x64.ActiveCfg = Release|Any CPU
		{4FB7A835-5BE7-4467-90C2-1E09631B6D4B}.Release|x64.Build.0 = Release|Any CPU
		{4FB7A835-5BE7-4467-90C2-1E09631B6D4B}.Release|x86.ActiveCfg = Release|Any CPU
		{4FB7A835-5BE7-4467-90C2-1E09631B6D4B}.Release|x86.Build.0 = Release|Any CPU
	EndGlobalSection
	GlobalSection(SolutionProperties) = preSolution
		HideSolutionNode = FALSE
	EndGlobalSection
	GlobalSection(NestedProjects) = preSolution
		{7725793B-239C-5879-963E-0758E8997B53} = {313F8151-4915-C42A-1EB1-D9B832018ED3}
		{7E16E5A8-68B4-7694-49AA-FFD3B6257213} = {313F8151-4915-C42A-1EB1-D9B832018ED3}
		{30502E32-E65C-19F2-0492-FE7D116FADFF} = {313F8151-4915-C42A-1EB1-D9B832018ED3}
		{666E1784-6A01-5269-9F6C-498C1292C0FF} = {313F8151-4915-C42A-1EB1-D9B832018ED3}
		{05904AFC-1CA0-4BD9-A442-EA264D98032A} = {313F8151-4915-C42A-1EB1-D9B832018ED3}
		{910C3DC9-A862-6447-F4D1-2444D487A19F} = {5296412D-B177-22F6-371A-F059D3B79B99}
		{CD0A3C41-5A29-BB0D-8735-09C33AA97177} = {5296412D-B177-22F6-371A-F059D3B79B99}
		{AC250CE5-A4B1-5985-45F9-04FF430E5140} = {5296412D-B177-22F6-371A-F059D3B79B99}
		{EC7FC168-FFAC-4B5D-F900-BE5F63A7208B} = {5296412D-B177-22F6-371A-F059D3B79B99}
		{62D311C2-F3AC-3D2A-843F-4BDEDE7DBE65} = {5296412D-B177-22F6-371A-F059D3B79B99}
		{E8D0B77D-FB39-AE52-1530-A5651B5EBB75} = {5296412D-B177-22F6-371A-F059D3B79B99}
		{2D7982E7-DC82-7650-8B68-185F3EFFEC19} = {5296412D-B177-22F6-371A-F059D3B79B99}
		{FF774335-18A0-444C-A1B8-EAA811244E88} = {313F8151-4915-C42A-1EB1-D9B832018ED3}
		{CF5E64BF-D07E-4B1C-A778-7163A235C9B5} = {313F8151-4915-C42A-1EB1-D9B832018ED3}
		{4FB7A835-5BE7-4467-90C2-1E09631B6D4B} = {313F8151-4915-C42A-1EB1-D9B832018ED3}
	EndGlobalSection
	GlobalSection(ExtensibilityGlobals) = postSolution
		SolutionGuid = {B097677D-EC70-43B8-A865-94DE145DDBF4}
	EndGlobalSection
EndGlobal
